
Microsoft Visual Studio Solution File, Format Version 12.00
# Visual Studio 15
Project("{FAE04EC0-301F-11D3-BF4B-00C04F79EFBC}") = "SeleniumTest07062019", "SeleniumTest07062019\SeleniumTest07062019.csproj", "{FF7BF0F3-72D1-4C50-9DD7-AC4370AF5C43}"
EndProject
Global
	GlobalSection(SolutionConfigurationPlatforms) = preSolution
		Debug|Any CPU = Debug|Any CPU
		Release|Any CPU = Release|Any CPU
	EndGlobalSection
	GlobalSection(ProjectConfigurationPlatforms) = postSolution
		{FF7BF0F3-72D1-4C50-9DD7-AC4370AF5C43}.Debug|Any CPU.ActiveCfg = Debug|Any CPU
		{FF7BF0F3-72D1-4C50-9DD7-AC4370AF5C43}.Debug|Any CPU.Build.0 = Debug|Any CPU
		{FF7BF0F3-72D1-4C50-9DD7-AC4370AF5C43}.Release|Any CPU.ActiveCfg = Release|Any CPU
		{FF7BF0F3-72D1-4C50-9DD7-AC4370AF5C43}.Release|Any CPU.Build.0 = Release|Any CPU
	EndGlobalSection
EndGlobal
